
Microsoft Visual Studio Solution File, Format Version 12.00
# Visual Studio 2013
VisualStudioVersion = 12.0.30723.0
MinimumVisualStudioVersion = 10.0.40219.1
Project("{F2A71F9B-5D33-465A-A702-920D77279786}") = "CompleteFSharpWebApplication", "CompleteFSharpWebApplication\CompleteFSharpWebApplication.fsproj", "{28315728-5B7B-4450-9F37-4EE4A2F134C4}"
EndProject
Project("{2150E333-8FDC-42A3-9474-1A3956D46DE8}") = ".nuget", ".nuget", "{6F84DCAE-A2CD-4800-A2E6-6DC0E221DA8E}"
	ProjectSection(SolutionItems) = preProject
		.nuget\packages.config = .nuget\packages.config
	EndProjectSection
EndProject
Project("{F2A71F9B-5D33-465A-A702-920D77279786}") = "FSharpWebService", "FSharpWebService\FSharpWebService.fsproj", "{8E76247E-B3D5-4DE2-8A9F-7C18894DF5EA}"
EndProject
Project("{F2A71F9B-5D33-465A-A702-920D77279786}") = "FSharpModelLibrary", "FSharpModelLibrary\FSharpModelLibrary.fsproj", "{3932B33B-5C8A-4A89-B322-662A99EDCBD4}"
EndProject
Global
	GlobalSection(SolutionConfigurationPlatforms) = preSolution
		Debug|Any CPU = Debug|Any CPU
		Release|Any CPU = Release|Any CPU
	EndGlobalSection
	GlobalSection(ProjectConfigurationPlatforms) = postSolution
		{28315728-5B7B-4450-9F37-4EE4A2F134C4}.Debug|Any CPU.ActiveCfg = Debug|Any CPU
		{28315728-5B7B-4450-9F37-4EE4A2F134C4}.Debug|Any CPU.Build.0 = Debug|Any CPU
		{28315728-5B7B-4450-9F37-4EE4A2F134C4}.Release|Any CPU.ActiveCfg = Release|Any CPU
		{28315728-5B7B-4450-9F37-4EE4A2F134C4}.Release|Any CPU.Build.0 = Release|Any CPU
		{8E76247E-B3D5-4DE2-8A9F-7C18894DF5EA}.Debug|Any CPU.ActiveCfg = Debug|Any CPU
		{8E76247E-B3D5-4DE2-8A9F-7C18894DF5EA}.Debug|Any CPU.Build.0 = Debug|Any CPU
		{8E76247E-B3D5-4DE2-8A9F-7C18894DF5EA}.Release|Any CPU.ActiveCfg = Release|Any CPU
		{8E76247E-B3D5-4DE2-8A9F-7C18894DF5EA}.Release|Any CPU.Build.0 = Release|Any CPU
		{3932B33B-5C8A-4A89-B322-662A99EDCBD4}.Debug|Any CPU.ActiveCfg = Debug|Any CPU
		{3932B33B-5C8A-4A89-B322-662A99EDCBD4}.Debug|Any CPU.Build.0 = Debug|Any CPU
		{3932B33B-5C8A-4A89-B322-662A99EDCBD4}.Release|Any CPU.ActiveCfg = Release|Any CPU
		{3932B33B-5C8A-4A89-B322-662A99EDCBD4}.Release|Any CPU.Build.0 = Release|Any CPU
	EndGlobalSection
	GlobalSection(SolutionProperties) = preSolution
		HideSolutionNode = FALSE
	EndGlobalSection
EndGlobal
